// !$*UTF8*$!
{
	archiveVersion = 1;
	classes = {
	};
	objectVersion = 56;
	objects = {

/* Begin PBXBuildFile section */
		40ADE2822A2CEE0C0040BF7B /* RecordBinApp.swift in Sources */ = {isa = PBXBuildFile; fileRef = 40ADE2812A2CEE0C0040BF7B /* RecordBinApp.swift */; };
		40ADE2842A2CEE0C0040BF7B /* ContentView.swift in Sources */ = {isa = PBXBuildFile; fileRef = 40ADE2832A2CEE0C0040BF7B /* ContentView.swift */; };
		40ADE2862A2CEE0D0040BF7B /* Assets.xcassets in Resources */ = {isa = PBXBuildFile; fileRef = 40ADE2852A2CEE0D0040BF7B /* Assets.xcassets */; };
		40ADE2892A2CEE0D0040BF7B /* Preview Assets.xcassets in Resources */ = {isa = PBXBuildFile; fileRef = 40ADE2882A2CEE0D0040BF7B /* Preview Assets.xcassets */; };
		40ADE2942A2CEE0E0040BF7B /* RecordBinTests.swift in Sources */ = {isa = PBXBuildFile; fileRef = 40ADE2932A2CEE0E0040BF7B /* RecordBinTests.swift */; };
		40ADE29E2A2CEE0E0040BF7B /* RecordBinUITests.swift in Sources */ = {isa = PBXBuildFile; fileRef = 40ADE29D2A2CEE0E0040BF7B /* RecordBinUITests.swift */; };
		40ADE2A02A2CEE0E0040BF7B /* RecordBinUITestsLaunchTests.swift in Sources */ = {isa = PBXBuildFile; fileRef = 40ADE29F2A2CEE0E0040BF7B /* RecordBinUITestsLaunchTests.swift */; };
		40ADE2AE2A2CF5460040BF7B /* OAuthSwift in Frameworks */ = {isa = PBXBuildFile; productRef = 40ADE2AD2A2CF5460040BF7B /* OAuthSwift */; };
		40ADE2B12A2CF5FC0040BF7B /* Discogs.swift in Sources */ = {isa = PBXBuildFile; fileRef = 40ADE2B02A2CF5FC0040BF7B /* Discogs.swift */; };
		40ADE2B42A2D07F20040BF7B /* ApplicationModel.swift in Sources */ = {isa = PBXBuildFile; fileRef = 40ADE2B32A2D07F20040BF7B /* ApplicationModel.swift */; };
		40ADE2B62A2D8D930040BF7B /* SearchViewModel.swift in Sources */ = {isa = PBXBuildFile; fileRef = 40ADE2B52A2D8D930040BF7B /* SearchViewModel.swift */; };
		40ADE2B82A2D94690040BF7B /* WebViewAuthController.swift in Sources */ = {isa = PBXBuildFile; fileRef = 40ADE2B72A2D94690040BF7B /* WebViewAuthController.swift */; };
		40ADE2BA2A2E26530040BF7B /* IdentityResponse.swift in Sources */ = {isa = PBXBuildFile; fileRef = 40ADE2B92A2E26530040BF7B /* IdentityResponse.swift */; };
		40ADE2BC2A2E69100040BF7B /* LoginView.swift in Sources */ = {isa = PBXBuildFile; fileRef = 40ADE2BB2A2E69100040BF7B /* LoginView.swift */; };
		40ADE2BF2A2E87140040BF7B /* KeychainSwift in Frameworks */ = {isa = PBXBuildFile; productRef = 40ADE2BE2A2E87140040BF7B /* KeychainSwift */; };
		40ADE2C12A2EAD8D0040BF7B /* PagedResponse.swift in Sources */ = {isa = PBXBuildFile; fileRef = 40ADE2C02A2EAD8D0040BF7B /* PagedResponse.swift */; };
		40ADE2C32A2F86050040BF7B /* SearchResult.swift in Sources */ = {isa = PBXBuildFile; fileRef = 40ADE2C22A2F86050040BF7B /* SearchResult.swift */; };
		40ADE2C52A2F98610040BF7B /* SearchEngine.swift in Sources */ = {isa = PBXBuildFile; fileRef = 40ADE2C42A2F98610040BF7B /* SearchEngine.swift */; };
		40ADE2C72A30EF180040BF7B /* SearchResultView.swift in Sources */ = {isa = PBXBuildFile; fileRef = 40ADE2C62A30EF180040BF7B /* SearchResultView.swift */; };
		40ADE2CA2A317F960040BF7B /* Nuke in Frameworks */ = {isa = PBXBuildFile; productRef = 40ADE2C92A317F960040BF7B /* Nuke */; };
		40ADE2CC2A317F960040BF7B /* NukeUI in Frameworks */ = {isa = PBXBuildFile; productRef = 40ADE2CB2A317F960040BF7B /* NukeUI */; };
		40ADE2CE2A318C260040BF7B /* SearchCell.swift in Sources */ = {isa = PBXBuildFile; fileRef = 40ADE2CD2A318C260040BF7B /* SearchCell.swift */; };
		40ADE2D12A31EE350040BF7B /* ProcessInfo+Utils.swift in Sources */ = {isa = PBXBuildFile; fileRef = 40ADE2D02A31EE350040BF7B /* ProcessInfo+Utils.swift */; };
		40ADE2D32A3203680040BF7B /* pinkfloyd_thumb.jpeg in Resources */ = {isa = PBXBuildFile; fileRef = 40ADE2D22A3203680040BF7B /* pinkfloyd_thumb.jpeg */; };
		40ADE2D52A3246050040BF7B /* SearchModelPreview.swift in Sources */ = {isa = PBXBuildFile; fileRef = 40ADE2D42A3246050040BF7B /* SearchModelPreview.swift */; };
		40ADE2D72A324A6A0040BF7B /* PreviewSearchResults.json in Resources */ = {isa = PBXBuildFile; fileRef = 40ADE2D62A324A6A0040BF7B /* PreviewSearchResults.json */; };
		40ADE2DB2A32979D0040BF7B /* ArtistDetails.swift in Sources */ = {isa = PBXBuildFile; fileRef = 40ADE2DA2A32979D0040BF7B /* ArtistDetails.swift */; };
		40ADE2DD2A32C0FA0040BF7B /* UIImage+AverageColor.swift in Sources */ = {isa = PBXBuildFile; fileRef = 40ADE2DC2A32C0FA0040BF7B /* UIImage+AverageColor.swift */; };
		40ADE2DF2A335E320040BF7B /* Artist.swift in Sources */ = {isa = PBXBuildFile; fileRef = 40ADE2DE2A335E320040BF7B /* Artist.swift */; };
		40ADE2E22A336A4A0040BF7B /* ImageResource.swift in Sources */ = {isa = PBXBuildFile; fileRef = 40ADE2E12A336A4A0040BF7B /* ImageResource.swift */; };
		40ADE2E42A3372990040BF7B /* Alias.swift in Sources */ = {isa = PBXBuildFile; fileRef = 40ADE2E32A3372990040BF7B /* Alias.swift */; };
		40ADE2E62A3372B80040BF7B /* Member.swift in Sources */ = {isa = PBXBuildFile; fileRef = 40ADE2E52A3372B80040BF7B /* Member.swift */; };
		40ADE2E92A3373EF0040BF7B /* ArtistDetailsModel.swift in Sources */ = {isa = PBXBuildFile; fileRef = 40ADE2E82A3373EF0040BF7B /* ArtistDetailsModel.swift */; };
		40ADE2EB2A3394D00040BF7B /* The Beatles.json in Resources */ = {isa = PBXBuildFile; fileRef = 40ADE2EA2A3394D00040BF7B /* The Beatles.json */; };
		40ADE2EE2A33B0EC0040BF7B /* WrappingHStack in Frameworks */ = {isa = PBXBuildFile; productRef = 40ADE2ED2A33B0EC0040BF7B /* WrappingHStack */; };
/* End PBXBuildFile section */

/* Begin PBXContainerItemProxy section */
		40ADE2902A2CEE0E0040BF7B /* PBXContainerItemProxy */ = {
			isa = PBXContainerItemProxy;
			containerPortal = 40ADE2762A2CEE0C0040BF7B /* Project object */;
			proxyType = 1;
			remoteGlobalIDString = 40ADE27D2A2CEE0C0040BF7B;
			remoteInfo = RecordBin;
		};
		40ADE29A2A2CEE0E0040BF7B /* PBXContainerItemProxy */ = {
			isa = PBXContainerItemProxy;
			containerPortal = 40ADE2762A2CEE0C0040BF7B /* Project object */;
			proxyType = 1;
			remoteGlobalIDString = 40ADE27D2A2CEE0C0040BF7B;
			remoteInfo = RecordBin;
		};
/* End PBXContainerItemProxy section */

/* Begin PBXFileReference section */
		40ADE27E2A2CEE0C0040BF7B /* RecordBin.app */ = {isa = PBXFileReference; explicitFileType = wrapper.application; includeInIndex = 0; path = RecordBin.app; sourceTree = BUILT_PRODUCTS_DIR; };
		40ADE2812A2CEE0C0040BF7B /* RecordBinApp.swift */ = {isa = PBXFileReference; lastKnownFileType = sourcecode.swift; path = RecordBinApp.swift; sourceTree = "<group>"; };
		40ADE2832A2CEE0C0040BF7B /* ContentView.swift */ = {isa = PBXFileReference; lastKnownFileType = sourcecode.swift; path = ContentView.swift; sourceTree = "<group>"; };
		40ADE2852A2CEE0D0040BF7B /* Assets.xcassets */ = {isa = PBXFileReference; lastKnownFileType = folder.assetcatalog; path = Assets.xcassets; sourceTree = "<group>"; };
		40ADE2882A2CEE0D0040BF7B /* Preview Assets.xcassets */ = {isa = PBXFileReference; lastKnownFileType = folder.assetcatalog; path = "Preview Assets.xcassets"; sourceTree = "<group>"; };
		40ADE28A2A2CEE0D0040BF7B /* RecordBin.entitlements */ = {isa = PBXFileReference; lastKnownFileType = text.plist.entitlements; path = RecordBin.entitlements; sourceTree = "<group>"; };
		40ADE28F2A2CEE0E0040BF7B /* RecordBinTests.xctest */ = {isa = PBXFileReference; explicitFileType = wrapper.cfbundle; includeInIndex = 0; path = RecordBinTests.xctest; sourceTree = BUILT_PRODUCTS_DIR; };
		40ADE2932A2CEE0E0040BF7B /* RecordBinTests.swift */ = {isa = PBXFileReference; lastKnownFileType = sourcecode.swift; path = RecordBinTests.swift; sourceTree = "<group>"; };
		40ADE2992A2CEE0E0040BF7B /* RecordBinUITests.xctest */ = {isa = PBXFileReference; explicitFileType = wrapper.cfbundle; includeInIndex = 0; path = RecordBinUITests.xctest; sourceTree = BUILT_PRODUCTS_DIR; };
		40ADE29D2A2CEE0E0040BF7B /* RecordBinUITests.swift */ = {isa = PBXFileReference; lastKnownFileType = sourcecode.swift; path = RecordBinUITests.swift; sourceTree = "<group>"; };
		40ADE29F2A2CEE0E0040BF7B /* RecordBinUITestsLaunchTests.swift */ = {isa = PBXFileReference; lastKnownFileType = sourcecode.swift; path = RecordBinUITestsLaunchTests.swift; sourceTree = "<group>"; };
		40ADE2B02A2CF5FC0040BF7B /* Discogs.swift */ = {isa = PBXFileReference; lastKnownFileType = sourcecode.swift; path = Discogs.swift; sourceTree = "<group>"; };
		40ADE2B22A2CF65E0040BF7B /* Info.plist */ = {isa = PBXFileReference; lastKnownFileType = text.plist; path = Info.plist; sourceTree = "<group>"; };
		40ADE2B32A2D07F20040BF7B /* ApplicationModel.swift */ = {isa = PBXFileReference; lastKnownFileType = sourcecode.swift; path = ApplicationModel.swift; sourceTree = "<group>"; };
		40ADE2B52A2D8D930040BF7B /* SearchViewModel.swift */ = {isa = PBXFileReference; lastKnownFileType = sourcecode.swift; path = SearchViewModel.swift; sourceTree = "<group>"; };
		40ADE2B72A2D94690040BF7B /* WebViewAuthController.swift */ = {isa = PBXFileReference; lastKnownFileType = sourcecode.swift; path = WebViewAuthController.swift; sourceTree = "<group>"; };
		40ADE2B92A2E26530040BF7B /* IdentityResponse.swift */ = {isa = PBXFileReference; lastKnownFileType = sourcecode.swift; path = IdentityResponse.swift; sourceTree = "<group>"; };
		40ADE2BB2A2E69100040BF7B /* LoginView.swift */ = {isa = PBXFileReference; lastKnownFileType = sourcecode.swift; path = LoginView.swift; sourceTree = "<group>"; };
		40ADE2C02A2EAD8D0040BF7B /* PagedResponse.swift */ = {isa = PBXFileReference; lastKnownFileType = sourcecode.swift; path = PagedResponse.swift; sourceTree = "<group>"; };
		40ADE2C22A2F86050040BF7B /* SearchResult.swift */ = {isa = PBXFileReference; lastKnownFileType = sourcecode.swift; path = SearchResult.swift; sourceTree = "<group>"; };
		40ADE2C42A2F98610040BF7B /* SearchEngine.swift */ = {isa = PBXFileReference; lastKnownFileType = sourcecode.swift; path = SearchEngine.swift; sourceTree = "<group>"; };
		40ADE2C62A30EF180040BF7B /* SearchResultView.swift */ = {isa = PBXFileReference; lastKnownFileType = sourcecode.swift; path = SearchResultView.swift; sourceTree = "<group>"; };
		40ADE2CD2A318C260040BF7B /* SearchCell.swift */ = {isa = PBXFileReference; lastKnownFileType = sourcecode.swift; path = SearchCell.swift; sourceTree = "<group>"; };
		40ADE2D02A31EE350040BF7B /* ProcessInfo+Utils.swift */ = {isa = PBXFileReference; lastKnownFileType = sourcecode.swift; path = "ProcessInfo+Utils.swift"; sourceTree = "<group>"; };
		40ADE2D22A3203680040BF7B /* pinkfloyd_thumb.jpeg */ = {isa = PBXFileReference; lastKnownFileType = image.jpeg; path = pinkfloyd_thumb.jpeg; sourceTree = "<group>"; };
		40ADE2D42A3246050040BF7B /* SearchModelPreview.swift */ = {isa = PBXFileReference; lastKnownFileType = sourcecode.swift; path = SearchModelPreview.swift; sourceTree = "<group>"; };
		40ADE2D62A324A6A0040BF7B /* PreviewSearchResults.json */ = {isa = PBXFileReference; fileEncoding = 4; lastKnownFileType = text.json; path = PreviewSearchResults.json; sourceTree = "<group>"; };
		40ADE2DA2A32979D0040BF7B /* ArtistDetails.swift */ = {isa = PBXFileReference; lastKnownFileType = sourcecode.swift; path = ArtistDetails.swift; sourceTree = "<group>"; };
		40ADE2DC2A32C0FA0040BF7B /* UIImage+AverageColor.swift */ = {isa = PBXFileReference; lastKnownFileType = sourcecode.swift; path = "UIImage+AverageColor.swift"; sourceTree = "<group>"; };
		40ADE2DE2A335E320040BF7B /* Artist.swift */ = {isa = PBXFileReference; lastKnownFileType = sourcecode.swift; path = Artist.swift; sourceTree = "<group>"; };
		40ADE2E12A336A4A0040BF7B /* ImageResource.swift */ = {isa = PBXFileReference; lastKnownFileType = sourcecode.swift; path = ImageResource.swift; sourceTree = "<group>"; };
		40ADE2E32A3372990040BF7B /* Alias.swift */ = {isa = PBXFileReference; lastKnownFileType = sourcecode.swift; path = Alias.swift; sourceTree = "<group>"; };
		40ADE2E52A3372B80040BF7B /* Member.swift */ = {isa = PBXFileReference; lastKnownFileType = sourcecode.swift; path = Member.swift; sourceTree = "<group>"; };
		40ADE2E82A3373EF0040BF7B /* ArtistDetailsModel.swift */ = {isa = PBXFileReference; lastKnownFileType = sourcecode.swift; path = ArtistDetailsModel.swift; sourceTree = "<group>"; };
		40ADE2EA2A3394D00040BF7B /* The Beatles.json */ = {isa = PBXFileReference; fileEncoding = 4; lastKnownFileType = text.json; path = "The Beatles.json"; sourceTree = "<group>"; };
/* End PBXFileReference section */

/* Begin PBXFrameworksBuildPhase section */
		40ADE27B2A2CEE0C0040BF7B /* Frameworks */ = {
			isa = PBXFrameworksBuildPhase;
			buildActionMask = 2147483647;
			files = (
				40ADE2CA2A317F960040BF7B /* Nuke in Frameworks */,
				40ADE2BF2A2E87140040BF7B /* KeychainSwift in Frameworks */,
				40ADE2AE2A2CF5460040BF7B /* OAuthSwift in Frameworks */,
				40ADE2CC2A317F960040BF7B /* NukeUI in Frameworks */,
				40ADE2EE2A33B0EC0040BF7B /* WrappingHStack in Frameworks */,
			);
			runOnlyForDeploymentPostprocessing = 0;
		};
		40ADE28C2A2CEE0E0040BF7B /* Frameworks */ = {
			isa = PBXFrameworksBuildPhase;
			buildActionMask = 2147483647;
			files = (
			);
			runOnlyForDeploymentPostprocessing = 0;
		};
		40ADE2962A2CEE0E0040BF7B /* Frameworks */ = {
			isa = PBXFrameworksBuildPhase;
			buildActionMask = 2147483647;
			files = (
			);
			runOnlyForDeploymentPostprocessing = 0;
		};
/* End PBXFrameworksBuildPhase section */

/* Begin PBXGroup section */
		40ADE2752A2CEE0C0040BF7B = {
			isa = PBXGroup;
			children = (
				40ADE2802A2CEE0C0040BF7B /* RecordBin */,
				40ADE2922A2CEE0E0040BF7B /* RecordBinTests */,
				40ADE29C2A2CEE0E0040BF7B /* RecordBinUITests */,
				40ADE27F2A2CEE0C0040BF7B /* Products */,
			);
			sourceTree = "<group>";
		};
		40ADE27F2A2CEE0C0040BF7B /* Products */ = {
			isa = PBXGroup;
			children = (
				40ADE27E2A2CEE0C0040BF7B /* RecordBin.app */,
				40ADE28F2A2CEE0E0040BF7B /* RecordBinTests.xctest */,
				40ADE2992A2CEE0E0040BF7B /* RecordBinUITests.xctest */,
			);
			name = Products;
			sourceTree = "<group>";
		};
		40ADE2802A2CEE0C0040BF7B /* RecordBin */ = {
			isa = PBXGroup;
			children = (
				40ADE2E72A3373D60040BF7B /* ArtistDetails */,
				40ADE2CF2A31EE160040BF7B /* Extensions */,
				40ADE2B22A2CF65E0040BF7B /* Info.plist */,
				40ADE2AF2A2CF5E70040BF7B /* Discogs */,
				40ADE2812A2CEE0C0040BF7B /* RecordBinApp.swift */,
				40ADE2832A2CEE0C0040BF7B /* ContentView.swift */,
				40ADE2852A2CEE0D0040BF7B /* Assets.xcassets */,
				40ADE28A2A2CEE0D0040BF7B /* RecordBin.entitlements */,
				40ADE2872A2CEE0D0040BF7B /* Preview Content */,
				40ADE2B32A2D07F20040BF7B /* ApplicationModel.swift */,
				40ADE2B52A2D8D930040BF7B /* SearchViewModel.swift */,
				40ADE2BB2A2E69100040BF7B /* LoginView.swift */,
				40ADE2C22A2F86050040BF7B /* SearchResult.swift */,
				40ADE2C42A2F98610040BF7B /* SearchEngine.swift */,
				40ADE2CD2A318C260040BF7B /* SearchCell.swift */,
			);
			path = RecordBin;
			sourceTree = "<group>";
		};
		40ADE2872A2CEE0D0040BF7B /* Preview Content */ = {
			isa = PBXGroup;
			children = (
				40ADE2EA2A3394D00040BF7B /* The Beatles.json */,
				40ADE2D62A324A6A0040BF7B /* PreviewSearchResults.json */,
				40ADE2D22A3203680040BF7B /* pinkfloyd_thumb.jpeg */,
				40ADE2882A2CEE0D0040BF7B /* Preview Assets.xcassets */,
				40ADE2D42A3246050040BF7B /* SearchModelPreview.swift */,
			);
			path = "Preview Content";
			sourceTree = "<group>";
		};
		40ADE2922A2CEE0E0040BF7B /* RecordBinTests */ = {
			isa = PBXGroup;
			children = (
				40ADE2932A2CEE0E0040BF7B /* RecordBinTests.swift */,
			);
			path = RecordBinTests;
			sourceTree = "<group>";
		};
		40ADE29C2A2CEE0E0040BF7B /* RecordBinUITests */ = {
			isa = PBXGroup;
			children = (
				40ADE29D2A2CEE0E0040BF7B /* RecordBinUITests.swift */,
				40ADE29F2A2CEE0E0040BF7B /* RecordBinUITestsLaunchTests.swift */,
			);
			path = RecordBinUITests;
			sourceTree = "<group>";
		};
		40ADE2AF2A2CF5E70040BF7B /* Discogs */ = {
			isa = PBXGroup;
			children = (
				40ADE2E02A3369630040BF7B /* Artist */,
				40ADE2B02A2CF5FC0040BF7B /* Discogs.swift */,
				40ADE2B72A2D94690040BF7B /* WebViewAuthController.swift */,
				40ADE2B92A2E26530040BF7B /* IdentityResponse.swift */,
				40ADE2C02A2EAD8D0040BF7B /* PagedResponse.swift */,
				40ADE2C62A30EF180040BF7B /* SearchResultView.swift */,
				40ADE2E12A336A4A0040BF7B /* ImageResource.swift */,
			);
			path = Discogs;
			sourceTree = "<group>";
		};
		40ADE2CF2A31EE160040BF7B /* Extensions */ = {
			isa = PBXGroup;
			children = (
				40ADE2D02A31EE350040BF7B /* ProcessInfo+Utils.swift */,
				40ADE2DC2A32C0FA0040BF7B /* UIImage+AverageColor.swift */,
			);
			path = Extensions;
			sourceTree = "<group>";
		};
		40ADE2E02A3369630040BF7B /* Artist */ = {
			isa = PBXGroup;
			children = (
				40ADE2DE2A335E320040BF7B /* Artist.swift */,
				40ADE2E32A3372990040BF7B /* Alias.swift */,
				40ADE2E52A3372B80040BF7B /* Member.swift */,
			);
			path = Artist;
			sourceTree = "<group>";
		};
		40ADE2E72A3373D60040BF7B /* ArtistDetails */ = {
			isa = PBXGroup;
			children = (
				40ADE2DA2A32979D0040BF7B /* ArtistDetails.swift */,
				40ADE2E82A3373EF0040BF7B /* ArtistDetailsModel.swift */,
			);
			path = ArtistDetails;
			sourceTree = "<group>";
		};
/* End PBXGroup section */

/* Begin PBXNativeTarget section */
		40ADE27D2A2CEE0C0040BF7B /* RecordBin */ = {
			isa = PBXNativeTarget;
			buildConfigurationList = 40ADE2A32A2CEE0E0040BF7B /* Build configuration list for PBXNativeTarget "RecordBin" */;
			buildPhases = (
				40ADE27A2A2CEE0C0040BF7B /* Sources */,
				40ADE27B2A2CEE0C0040BF7B /* Frameworks */,
				40ADE27C2A2CEE0C0040BF7B /* Resources */,
			);
			buildRules = (
			);
			dependencies = (
			);
			name = RecordBin;
			packageProductDependencies = (
				40ADE2AD2A2CF5460040BF7B /* OAuthSwift */,
				40ADE2BE2A2E87140040BF7B /* KeychainSwift */,
				40ADE2C92A317F960040BF7B /* Nuke */,
				40ADE2CB2A317F960040BF7B /* NukeUI */,
				40ADE2ED2A33B0EC0040BF7B /* WrappingHStack */,
			);
			productName = RecordBin;
			productReference = 40ADE27E2A2CEE0C0040BF7B /* RecordBin.app */;
			productType = "com.apple.product-type.application";
		};
		40ADE28E2A2CEE0E0040BF7B /* RecordBinTests */ = {
			isa = PBXNativeTarget;
			buildConfigurationList = 40ADE2A62A2CEE0E0040BF7B /* Build configuration list for PBXNativeTarget "RecordBinTests" */;
			buildPhases = (
				40ADE28B2A2CEE0E0040BF7B /* Sources */,
				40ADE28C2A2CEE0E0040BF7B /* Frameworks */,
				40ADE28D2A2CEE0E0040BF7B /* Resources */,
			);
			buildRules = (
			);
			dependencies = (
				40ADE2912A2CEE0E0040BF7B /* PBXTargetDependency */,
			);
			name = RecordBinTests;
			productName = RecordBinTests;
			productReference = 40ADE28F2A2CEE0E0040BF7B /* RecordBinTests.xctest */;
			productType = "com.apple.product-type.bundle.unit-test";
		};
		40ADE2982A2CEE0E0040BF7B /* RecordBinUITests */ = {
			isa = PBXNativeTarget;
			buildConfigurationList = 40ADE2A92A2CEE0E0040BF7B /* Build configuration list for PBXNativeTarget "RecordBinUITests" */;
			buildPhases = (
				40ADE2952A2CEE0E0040BF7B /* Sources */,
				40ADE2962A2CEE0E0040BF7B /* Frameworks */,
				40ADE2972A2CEE0E0040BF7B /* Resources */,
			);
			buildRules = (
			);
			dependencies = (
				40ADE29B2A2CEE0E0040BF7B /* PBXTargetDependency */,
			);
			name = RecordBinUITests;
			productName = RecordBinUITests;
			productReference = 40ADE2992A2CEE0E0040BF7B /* RecordBinUITests.xctest */;
			productType = "com.apple.product-type.bundle.ui-testing";
		};
/* End PBXNativeTarget section */

/* Begin PBXProject section */
		40ADE2762A2CEE0C0040BF7B /* Project object */ = {
			isa = PBXProject;
			attributes = {
				BuildIndependentTargetsInParallel = 1;
				LastSwiftUpdateCheck = 1430;
				LastUpgradeCheck = 1430;
				TargetAttributes = {
					40ADE27D2A2CEE0C0040BF7B = {
						CreatedOnToolsVersion = 14.3.1;
					};
					40ADE28E2A2CEE0E0040BF7B = {
						CreatedOnToolsVersion = 14.3.1;
						TestTargetID = 40ADE27D2A2CEE0C0040BF7B;
					};
					40ADE2982A2CEE0E0040BF7B = {
						CreatedOnToolsVersion = 14.3.1;
						TestTargetID = 40ADE27D2A2CEE0C0040BF7B;
					};
				};
			};
			buildConfigurationList = 40ADE2792A2CEE0C0040BF7B /* Build configuration list for PBXProject "RecordBin" */;
			compatibilityVersion = "Xcode 14.0";
			developmentRegion = en;
			hasScannedForEncodings = 0;
			knownRegions = (
				en,
				Base,
			);
			mainGroup = 40ADE2752A2CEE0C0040BF7B;
			packageReferences = (
				40ADE2AC2A2CF5460040BF7B /* XCRemoteSwiftPackageReference "OAuthSwift" */,
				40ADE2BD2A2E87140040BF7B /* XCRemoteSwiftPackageReference "keychain-swift" */,
				40ADE2C82A317F960040BF7B /* XCRemoteSwiftPackageReference "Nuke" */,
				40ADE2EC2A33B0EC0040BF7B /* XCRemoteSwiftPackageReference "WrappingHStack" */,
			);
			productRefGroup = 40ADE27F2A2CEE0C0040BF7B /* Products */;
			projectDirPath = "";
			projectRoot = "";
			targets = (
				40ADE27D2A2CEE0C0040BF7B /* RecordBin */,
				40ADE28E2A2CEE0E0040BF7B /* RecordBinTests */,
				40ADE2982A2CEE0E0040BF7B /* RecordBinUITests */,
			);
		};
/* End PBXProject section */

/* Begin PBXResourcesBuildPhase section */
		40ADE27C2A2CEE0C0040BF7B /* Resources */ = {
			isa = PBXResourcesBuildPhase;
			buildActionMask = 2147483647;
			files = (
				40ADE2892A2CEE0D0040BF7B /* Preview Assets.xcassets in Resources */,
				40ADE2862A2CEE0D0040BF7B /* Assets.xcassets in Resources */,
				40ADE2D32A3203680040BF7B /* pinkfloyd_thumb.jpeg in Resources */,
				40ADE2EB2A3394D00040BF7B /* The Beatles.json in Resources */,
				40ADE2D72A324A6A0040BF7B /* PreviewSearchResults.json in Resources */,
			);
			runOnlyForDeploymentPostprocessing = 0;
		};
		40ADE28D2A2CEE0E0040BF7B /* Resources */ = {
			isa = PBXResourcesBuildPhase;
			buildActionMask = 2147483647;
			files = (
			);
			runOnlyForDeploymentPostprocessing = 0;
		};
		40ADE2972A2CEE0E0040BF7B /* Resources */ = {
			isa = PBXResourcesBuildPhase;
			buildActionMask = 2147483647;
			files = (
			);
			runOnlyForDeploymentPostprocessing = 0;
		};
/* End PBXResourcesBuildPhase section */

/* Begin PBXSourcesBuildPhase section */
		40ADE27A2A2CEE0C0040BF7B /* Sources */ = {
			isa = PBXSourcesBuildPhase;
			buildActionMask = 2147483647;
			files = (
				40ADE2E22A336A4A0040BF7B /* ImageResource.swift in Sources */,
				40ADE2CE2A318C260040BF7B /* SearchCell.swift in Sources */,
				40ADE2C52A2F98610040BF7B /* SearchEngine.swift in Sources */,
				40ADE2C72A30EF180040BF7B /* SearchResultView.swift in Sources */,
				40ADE2E42A3372990040BF7B /* Alias.swift in Sources */,
				40ADE2C32A2F86050040BF7B /* SearchResult.swift in Sources */,
				40ADE2BA2A2E26530040BF7B /* IdentityResponse.swift in Sources */,
				40ADE2C12A2EAD8D0040BF7B /* PagedResponse.swift in Sources */,
				40ADE2B62A2D8D930040BF7B /* SearchViewModel.swift in Sources */,
				40ADE2842A2CEE0C0040BF7B /* ContentView.swift in Sources */,
				40ADE2B12A2CF5FC0040BF7B /* Discogs.swift in Sources */,
				40ADE2D12A31EE350040BF7B /* ProcessInfo+Utils.swift in Sources */,
				40ADE2DD2A32C0FA0040BF7B /* UIImage+AverageColor.swift in Sources */,
				40ADE2B82A2D94690040BF7B /* WebViewAuthController.swift in Sources */,
				40ADE2DF2A335E320040BF7B /* Artist.swift in Sources */,
				40ADE2E92A3373EF0040BF7B /* ArtistDetailsModel.swift in Sources */,
				40ADE2DB2A32979D0040BF7B /* ArtistDetails.swift in Sources */,
				40ADE2B42A2D07F20040BF7B /* ApplicationModel.swift in Sources */,
				40ADE2D52A3246050040BF7B /* SearchModelPreview.swift in Sources */,
				40ADE2BC2A2E69100040BF7B /* LoginView.swift in Sources */,
				40ADE2E62A3372B80040BF7B /* Member.swift in Sources */,
				40ADE2822A2CEE0C0040BF7B /* RecordBinApp.swift in Sources */,
			);
			runOnlyForDeploymentPostprocessing = 0;
		};
		40ADE28B2A2CEE0E0040BF7B /* Sources */ = {
			isa = PBXSourcesBuildPhase;
			buildActionMask = 2147483647;
			files = (
				40ADE2942A2CEE0E0040BF7B /* RecordBinTests.swift in Sources */,
			);
			runOnlyForDeploymentPostprocessing = 0;
		};
		40ADE2952A2CEE0E0040BF7B /* Sources */ = {
			isa = PBXSourcesBuildPhase;
			buildActionMask = 2147483647;
			files = (
				40ADE29E2A2CEE0E0040BF7B /* RecordBinUITests.swift in Sources */,
				40ADE2A02A2CEE0E0040BF7B /* RecordBinUITestsLaunchTests.swift in Sources */,
			);
			runOnlyForDeploymentPostprocessing = 0;
		};
/* End PBXSourcesBuildPhase section */

/* Begin PBXTargetDependency section */
		40ADE2912A2CEE0E0040BF7B /* PBXTargetDependency */ = {
			isa = PBXTargetDependency;
			target = 40ADE27D2A2CEE0C0040BF7B /* RecordBin */;
			targetProxy = 40ADE2902A2CEE0E0040BF7B /* PBXContainerItemProxy */;
		};
		40ADE29B2A2CEE0E0040BF7B /* PBXTargetDependency */ = {
			isa = PBXTargetDependency;
			target = 40ADE27D2A2CEE0C0040BF7B /* RecordBin */;
			targetProxy = 40ADE29A2A2CEE0E0040BF7B /* PBXContainerItemProxy */;
		};
/* End PBXTargetDependency section */

/* Begin XCBuildConfiguration section */
		40ADE2A12A2CEE0E0040BF7B /* Debug */ = {
			isa = XCBuildConfiguration;
			buildSettings = {
				ALWAYS_SEARCH_USER_PATHS = NO;
				CLANG_ANALYZER_NONNULL = YES;
				CLANG_ANALYZER_NUMBER_OBJECT_CONVERSION = YES_AGGRESSIVE;
				CLANG_CXX_LANGUAGE_STANDARD = "gnu++20";
				CLANG_ENABLE_MODULES = YES;
				CLANG_ENABLE_OBJC_ARC = YES;
				CLANG_ENABLE_OBJC_WEAK = YES;
				CLANG_WARN_BLOCK_CAPTURE_AUTORELEASING = YES;
				CLANG_WARN_BOOL_CONVERSION = YES;
				CLANG_WARN_COMMA = YES;
				CLANG_WARN_CONSTANT_CONVERSION = YES;
				CLANG_WARN_DEPRECATED_OBJC_IMPLEMENTATIONS = YES;
				CLANG_WARN_DIRECT_OBJC_ISA_USAGE = YES_ERROR;
				CLANG_WARN_DOCUMENTATION_COMMENTS = YES;
				CLANG_WARN_EMPTY_BODY = YES;
				CLANG_WARN_ENUM_CONVERSION = YES;
				CLANG_WARN_INFINITE_RECURSION = YES;
				CLANG_WARN_INT_CONVERSION = YES;
				CLANG_WARN_NON_LITERAL_NULL_CONVERSION = YES;
				CLANG_WARN_OBJC_IMPLICIT_RETAIN_SELF = YES;
				CLANG_WARN_OBJC_LITERAL_CONVERSION = YES;
				CLANG_WARN_OBJC_ROOT_CLASS = YES_ERROR;
				CLANG_WARN_QUOTED_INCLUDE_IN_FRAMEWORK_HEADER = YES;
				CLANG_WARN_RANGE_LOOP_ANALYSIS = YES;
				CLANG_WARN_STRICT_PROTOTYPES = YES;
				CLANG_WARN_SUSPICIOUS_MOVE = YES;
				CLANG_WARN_UNGUARDED_AVAILABILITY = YES_AGGRESSIVE;
				CLANG_WARN_UNREACHABLE_CODE = YES;
				CLANG_WARN__DUPLICATE_METHOD_MATCH = YES;
				COPY_PHASE_STRIP = NO;
				DEBUG_INFORMATION_FORMAT = dwarf;
				ENABLE_STRICT_OBJC_MSGSEND = YES;
				ENABLE_TESTABILITY = YES;
				GCC_C_LANGUAGE_STANDARD = gnu11;
				GCC_DYNAMIC_NO_PIC = NO;
				GCC_NO_COMMON_BLOCKS = YES;
				GCC_OPTIMIZATION_LEVEL = 0;
				GCC_PREPROCESSOR_DEFINITIONS = (
					"DEBUG=1",
					"$(inherited)",
				);
				GCC_WARN_64_TO_32_BIT_CONVERSION = YES;
				GCC_WARN_ABOUT_RETURN_TYPE = YES_ERROR;
				GCC_WARN_UNDECLARED_SELECTOR = YES;
				GCC_WARN_UNINITIALIZED_AUTOS = YES_AGGRESSIVE;
				GCC_WARN_UNUSED_FUNCTION = YES;
				GCC_WARN_UNUSED_VARIABLE = YES;
				MACOSX_DEPLOYMENT_TARGET = 13.3;
				MTL_ENABLE_DEBUG_INFO = INCLUDE_SOURCE;
				MTL_FAST_MATH = YES;
				ONLY_ACTIVE_ARCH = YES;
				SDKROOT = macosx;
				SWIFT_ACTIVE_COMPILATION_CONDITIONS = DEBUG;
				SWIFT_OPTIMIZATION_LEVEL = "-Onone";
			};
			name = Debug;
		};
		40ADE2A22A2CEE0E0040BF7B /* Release */ = {
			isa = XCBuildConfiguration;
			buildSettings = {
				ALWAYS_SEARCH_USER_PATHS = NO;
				CLANG_ANALYZER_NONNULL = YES;
				CLANG_ANALYZER_NUMBER_OBJECT_CONVERSION = YES_AGGRESSIVE;
				CLANG_CXX_LANGUAGE_STANDARD = "gnu++20";
				CLANG_ENABLE_MODULES = YES;
				CLANG_ENABLE_OBJC_ARC = YES;
				CLANG_ENABLE_OBJC_WEAK = YES;
				CLANG_WARN_BLOCK_CAPTURE_AUTORELEASING = YES;
				CLANG_WARN_BOOL_CONVERSION = YES;
				CLANG_WARN_COMMA = YES;
				CLANG_WARN_CONSTANT_CONVERSION = YES;
				CLANG_WARN_DEPRECATED_OBJC_IMPLEMENTATIONS = YES;
				CLANG_WARN_DIRECT_OBJC_ISA_USAGE = YES_ERROR;
				CLANG_WARN_DOCUMENTATION_COMMENTS = YES;
				CLANG_WARN_EMPTY_BODY = YES;
				CLANG_WARN_ENUM_CONVERSION = YES;
				CLANG_WARN_INFINITE_RECURSION = YES;
				CLANG_WARN_INT_CONVERSION = YES;
				CLANG_WARN_NON_LITERAL_NULL_CONVERSION = YES;
				CLANG_WARN_OBJC_IMPLICIT_RETAIN_SELF = YES;
				CLANG_WARN_OBJC_LITERAL_CONVERSION = YES;
				CLANG_WARN_OBJC_ROOT_CLASS = YES_ERROR;
				CLANG_WARN_QUOTED_INCLUDE_IN_FRAMEWORK_HEADER = YES;
				CLANG_WARN_RANGE_LOOP_ANALYSIS = YES;
				CLANG_WARN_STRICT_PROTOTYPES = YES;
				CLANG_WARN_SUSPICIOUS_MOVE = YES;
				CLANG_WARN_UNGUARDED_AVAILABILITY = YES_AGGRESSIVE;
				CLANG_WARN_UNREACHABLE_CODE = YES;
				CLANG_WARN__DUPLICATE_METHOD_MATCH = YES;
				COPY_PHASE_STRIP = NO;
				DEBUG_INFORMATION_FORMAT = "dwarf-with-dsym";
				ENABLE_NS_ASSERTIONS = NO;
				ENABLE_STRICT_OBJC_MSGSEND = YES;
				GCC_C_LANGUAGE_STANDARD = gnu11;
				GCC_NO_COMMON_BLOCKS = YES;
				GCC_WARN_64_TO_32_BIT_CONVERSION = YES;
				GCC_WARN_ABOUT_RETURN_TYPE = YES_ERROR;
				GCC_WARN_UNDECLARED_SELECTOR = YES;
				GCC_WARN_UNINITIALIZED_AUTOS = YES_AGGRESSIVE;
				GCC_WARN_UNUSED_FUNCTION = YES;
				GCC_WARN_UNUSED_VARIABLE = YES;
				MACOSX_DEPLOYMENT_TARGET = 13.3;
				MTL_ENABLE_DEBUG_INFO = NO;
				MTL_FAST_MATH = YES;
				SDKROOT = macosx;
				SWIFT_COMPILATION_MODE = wholemodule;
				SWIFT_OPTIMIZATION_LEVEL = "-O";
			};
			name = Release;
		};
		40ADE2A42A2CEE0E0040BF7B /* Debug */ = {
			isa = XCBuildConfiguration;
			buildSettings = {
				ASSETCATALOG_COMPILER_APPICON_NAME = AppIcon;
				ASSETCATALOG_COMPILER_GLOBAL_ACCENT_COLOR_NAME = AccentColor;
				CODE_SIGN_ENTITLEMENTS = RecordBin/RecordBin.entitlements;
				CODE_SIGN_STYLE = Automatic;
				COMBINE_HIDPI_IMAGES = YES;
				CURRENT_PROJECT_VERSION = 1;
				DEVELOPMENT_ASSET_PATHS = "\"RecordBin/Preview Content\"";
				DEVELOPMENT_TEAM = L4N82R5CV4;
				ENABLE_HARDENED_RUNTIME = YES;
				ENABLE_PREVIEWS = YES;
				GENERATE_INFOPLIST_FILE = YES;
				INFOPLIST_FILE = RecordBin/Info.plist;
				INFOPLIST_KEY_NSHumanReadableCopyright = "";
				LD_RUNPATH_SEARCH_PATHS = (
					"$(inherited)",
					"@executable_path/../Frameworks",
				);
				MARKETING_VERSION = 1.0;
				PRODUCT_BUNDLE_IDENTIFIER = com.newwavedigitalmedia.RecordBin;
				PRODUCT_NAME = "$(TARGET_NAME)";
				SWIFT_EMIT_LOC_STRINGS = YES;
				SWIFT_VERSION = 5.0;
			};
			name = Debug;
		};
		40ADE2A52A2CEE0E0040BF7B /* Release */ = {
			isa = XCBuildConfiguration;
			buildSettings = {
				ASSETCATALOG_COMPILER_APPICON_NAME = AppIcon;
				ASSETCATALOG_COMPILER_GLOBAL_ACCENT_COLOR_NAME = AccentColor;
				CODE_SIGN_ENTITLEMENTS = RecordBin/RecordBin.entitlements;
				CODE_SIGN_STYLE = Automatic;
				COMBINE_HIDPI_IMAGES = YES;
				CURRENT_PROJECT_VERSION = 1;
				DEVELOPMENT_ASSET_PATHS = "\"RecordBin/Preview Content\"";
				DEVELOPMENT_TEAM = L4N82R5CV4;
				ENABLE_HARDENED_RUNTIME = YES;
				ENABLE_PREVIEWS = YES;
				GENERATE_INFOPLIST_FILE = YES;
				INFOPLIST_FILE = RecordBin/Info.plist;
				INFOPLIST_KEY_NSHumanReadableCopyright = "";
				LD_RUNPATH_SEARCH_PATHS = (
					"$(inherited)",
					"@executable_path/../Frameworks",
				);
				MARKETING_VERSION = 1.0;
				PRODUCT_BUNDLE_IDENTIFIER = com.newwavedigitalmedia.RecordBin;
				PRODUCT_NAME = "$(TARGET_NAME)";
				SWIFT_EMIT_LOC_STRINGS = YES;
				SWIFT_VERSION = 5.0;
			};
			name = Release;
		};
		40ADE2A72A2CEE0E0040BF7B /* Debug */ = {
			isa = XCBuildConfiguration;
			buildSettings = {
				ALWAYS_EMBED_SWIFT_STANDARD_LIBRARIES = YES;
				BUNDLE_LOADER = "$(TEST_HOST)";
				CODE_SIGN_STYLE = Automatic;
				CURRENT_PROJECT_VERSION = 1;
				DEVELOPMENT_TEAM = L4N82R5CV4;
				GENERATE_INFOPLIST_FILE = YES;
				MACOSX_DEPLOYMENT_TARGET = 13.3;
				MARKETING_VERSION = 1.0;
				PRODUCT_BUNDLE_IDENTIFIER = com.newwavedigitalmedia.RecordBinTests;
				PRODUCT_NAME = "$(TARGET_NAME)";
				SWIFT_EMIT_LOC_STRINGS = NO;
				SWIFT_VERSION = 5.0;
				TEST_HOST = "$(BUILT_PRODUCTS_DIR)/RecordBin.app/$(BUNDLE_EXECUTABLE_FOLDER_PATH)/RecordBin";
			};
			name = Debug;
		};
		40ADE2A82A2CEE0E0040BF7B /* Release */ = {
			isa = XCBuildConfiguration;
			buildSettings = {
				ALWAYS_EMBED_SWIFT_STANDARD_LIBRARIES = YES;
				BUNDLE_LOADER = "$(TEST_HOST)";
				CODE_SIGN_STYLE = Automatic;
				CURRENT_PROJECT_VERSION = 1;
				DEVELOPMENT_TEAM = L4N82R5CV4;
				GENERATE_INFOPLIST_FILE = YES;
				MACOSX_DEPLOYMENT_TARGET = 13.3;
				MARKETING_VERSION = 1.0;
				PRODUCT_BUNDLE_IDENTIFIER = com.newwavedigitalmedia.RecordBinTests;
				PRODUCT_NAME = "$(TARGET_NAME)";
				SWIFT_EMIT_LOC_STRINGS = NO;
				SWIFT_VERSION = 5.0;
				TEST_HOST = "$(BUILT_PRODUCTS_DIR)/RecordBin.app/$(BUNDLE_EXECUTABLE_FOLDER_PATH)/RecordBin";
			};
			name = Release;
		};
		40ADE2AA2A2CEE0E0040BF7B /* Debug */ = {
			isa = XCBuildConfiguration;
			buildSettings = {
				ALWAYS_EMBED_SWIFT_STANDARD_LIBRARIES = YES;
				CODE_SIGN_STYLE = Automatic;
				CURRENT_PROJECT_VERSION = 1;
				DEVELOPMENT_TEAM = L4N82R5CV4;
				GENERATE_INFOPLIST_FILE = YES;
				MARKETING_VERSION = 1.0;
				PRODUCT_BUNDLE_IDENTIFIER = com.newwavedigitalmedia.RecordBinUITests;
				PRODUCT_NAME = "$(TARGET_NAME)";
				SWIFT_EMIT_LOC_STRINGS = NO;
				SWIFT_VERSION = 5.0;
				TEST_TARGET_NAME = RecordBin;
			};
			name = Debug;
		};
		40ADE2AB2A2CEE0E0040BF7B /* Release */ = {
			isa = XCBuildConfiguration;
			buildSettings = {
				ALWAYS_EMBED_SWIFT_STANDARD_LIBRARIES = YES;
				CODE_SIGN_STYLE = Automatic;
				CURRENT_PROJECT_VERSION = 1;
				DEVELOPMENT_TEAM = L4N82R5CV4;
				GENERATE_INFOPLIST_FILE = YES;
				MARKETING_VERSION = 1.0;
				PRODUCT_BUNDLE_IDENTIFIER = com.newwavedigitalmedia.RecordBinUITests;
				PRODUCT_NAME = "$(TARGET_NAME)";
				SWIFT_EMIT_LOC_STRINGS = NO;
				SWIFT_VERSION = 5.0;
				TEST_TARGET_NAME = RecordBin;
			};
			name = Release;
		};
/* End XCBuildConfiguration section */

/* Begin XCConfigurationList section */
		40ADE2792A2CEE0C0040BF7B /* Build configuration list for PBXProject "RecordBin" */ = {
			isa = XCConfigurationList;
			buildConfigurations = (
				40ADE2A12A2CEE0E0040BF7B /* Debug */,
				40ADE2A22A2CEE0E0040BF7B /* Release */,
			);
			defaultConfigurationIsVisible = 0;
			defaultConfigurationName = Release;
		};
		40ADE2A32A2CEE0E0040BF7B /* Build configuration list for PBXNativeTarget "RecordBin" */ = {
			isa = XCConfigurationList;
			buildConfigurations = (
				40ADE2A42A2CEE0E0040BF7B /* Debug */,
				40ADE2A52A2CEE0E0040BF7B /* Release */,
			);
			defaultConfigurationIsVisible = 0;
			defaultConfigurationName = Release;
		};
		40ADE2A62A2CEE0E0040BF7B /* Build configuration list for PBXNativeTarget "RecordBinTests" */ = {
			isa = XCConfigurationList;
			buildConfigurations = (
				40ADE2A72A2CEE0E0040BF7B /* Debug */,
				40ADE2A82A2CEE0E0040BF7B /* Release */,
			);
			defaultConfigurationIsVisible = 0;
			defaultConfigurationName = Release;
		};
		40ADE2A92A2CEE0E0040BF7B /* Build configuration list for PBXNativeTarget "RecordBinUITests" */ = {
			isa = XCConfigurationList;
			buildConfigurations = (
				40ADE2AA2A2CEE0E0040BF7B /* Debug */,
				40ADE2AB2A2CEE0E0040BF7B /* Release */,
			);
			defaultConfigurationIsVisible = 0;
			defaultConfigurationName = Release;
		};
/* End XCConfigurationList section */

/* Begin XCRemoteSwiftPackageReference section */
		40ADE2AC2A2CF5460040BF7B /* XCRemoteSwiftPackageReference "OAuthSwift" */ = {
			isa = XCRemoteSwiftPackageReference;
			repositoryURL = "git@github.com:OAuthSwift/OAuthSwift.git";
			requirement = {
				kind = upToNextMajorVersion;
				minimumVersion = 2.0.0;
			};
		};
		40ADE2BD2A2E87140040BF7B /* XCRemoteSwiftPackageReference "keychain-swift" */ = {
			isa = XCRemoteSwiftPackageReference;
			repositoryURL = "git@github.com:evgenyneu/keychain-swift.git";
			requirement = {
				kind = upToNextMajorVersion;
				minimumVersion = 20.0.0;
			};
		};
		40ADE2C82A317F960040BF7B /* XCRemoteSwiftPackageReference "Nuke" */ = {
			isa = XCRemoteSwiftPackageReference;
			repositoryURL = "git@github.com:kean/Nuke.git";
			requirement = {
				kind = upToNextMajorVersion;
				minimumVersion = 12.0.0;
			};
		};
		40ADE2EC2A33B0EC0040BF7B /* XCRemoteSwiftPackageReference "WrappingHStack" */ = {
			isa = XCRemoteSwiftPackageReference;
			repositoryURL = "git@github.com:dkk/WrappingHStack.git";
			requirement = {
				kind = upToNextMajorVersion;
				minimumVersion = 2.0.0;
			};
		};
/* End XCRemoteSwiftPackageReference section */

/* Begin XCSwiftPackageProductDependency section */
		40ADE2AD2A2CF5460040BF7B /* OAuthSwift */ = {
			isa = XCSwiftPackageProductDependency;
			package = 40ADE2AC2A2CF5460040BF7B /* XCRemoteSwiftPackageReference "OAuthSwift" */;
			productName = OAuthSwift;
		};
		40ADE2BE2A2E87140040BF7B /* KeychainSwift */ = {
			isa = XCSwiftPackageProductDependency;
			package = 40ADE2BD2A2E87140040BF7B /* XCRemoteSwiftPackageReference "keychain-swift" */;
			productName = KeychainSwift;
		};
		40ADE2C92A317F960040BF7B /* Nuke */ = {
			isa = XCSwiftPackageProductDependency;
			package = 40ADE2C82A317F960040BF7B /* XCRemoteSwiftPackageReference "Nuke" */;
			productName = Nuke;
		};
		40ADE2CB2A317F960040BF7B /* NukeUI */ = {
			isa = XCSwiftPackageProductDependency;
			package = 40ADE2C82A317F960040BF7B /* XCRemoteSwiftPackageReference "Nuke" */;
			productName = NukeUI;
		};
		40ADE2ED2A33B0EC0040BF7B /* WrappingHStack */ = {
			isa = XCSwiftPackageProductDependency;
			package = 40ADE2EC2A33B0EC0040BF7B /* XCRemoteSwiftPackageReference "WrappingHStack" */;
			productName = WrappingHStack;
		};
/* End XCSwiftPackageProductDependency section */
	};
	rootObject = 40ADE2762A2CEE0C0040BF7B /* Project object */;
}
